
Microsoft Visual Studio Solution File, Format Version 12.00
# Visual Studio Version 16
VisualStudioVersion = 16.0.30804.86
MinimumVisualStudioVersion = 10.0.40219.1
Project("{9A19103F-16F7-4668-BE54-9A1E7A4F7556}") = "MinecraftModUpdater.Tests", "MinecraftModUpdater.Tests\MinecraftModUpdater.Tests.csproj", "{2B9A4A6D-22E4-4AF4-AE06-A2540D954A07}"
EndProject
Project("{9A19103F-16F7-4668-BE54-9A1E7A4F7556}") = "MinecraftModUpdater.Core", "MinecraftModUpdater.Core\MinecraftModUpdater.Core.csproj", "{BE5285CD-C890-4281-B0AD-CBF1F38B83BE}"
EndProject
Project("{9A19103F-16F7-4668-BE54-9A1E7A4F7556}") = "MinecraftModUpdater.CLI", "MinecraftModUpdater.CLI\MinecraftModUpdater.CLI.csproj", "{69625A81-11A6-438C-A022-91A91CE43421}"
EndProject
Global
	GlobalSection(SolutionConfigurationPlatforms) = preSolution
		Debug|Any CPU = Debug|Any CPU
		Release|Any CPU = Release|Any CPU
	EndGlobalSection
	GlobalSection(ProjectConfigurationPlatforms) = postSolution
		{2B9A4A6D-22E4-4AF4-AE06-A2540D954A07}.Debug|Any CPU.ActiveCfg = Debug|Any CPU
		{2B9A4A6D-22E4-4AF4-AE06-A2540D954A07}.Debug|Any CPU.Build.0 = Debug|Any CPU
		{2B9A4A6D-22E4-4AF4-AE06-A2540D954A07}.Release|Any CPU.ActiveCfg = Release|Any CPU
		{2B9A4A6D-22E4-4AF4-AE06-A2540D954A07}.Release|Any CPU.Build.0 = Release|Any CPU
		{BE5285CD-C890-4281-B0AD-CBF1F38B83BE}.Debug|Any CPU.ActiveCfg = Debug|Any CPU
		{BE5285CD-C890-4281-B0AD-CBF1F38B83BE}.Debug|Any CPU.Build.0 = Debug|Any CPU
		{BE5285CD-C890-4281-B0AD-CBF1F38B83BE}.Release|Any CPU.ActiveCfg = Release|Any CPU
		{BE5285CD-C890-4281-B0AD-CBF1F38B83BE}.Release|Any CPU.Build.0 = Release|Any CPU
		{69625A81-11A6-438C-A022-91A91CE43421}.Debug|Any CPU.ActiveCfg = Debug|Any CPU
		{69625A81-11A6-438C-A022-91A91CE43421}.Debug|Any CPU.Build.0 = Debug|Any CPU
		{69625A81-11A6-438C-A022-91A91CE43421}.Release|Any CPU.ActiveCfg = Release|Any CPU
		{69625A81-11A6-438C-A022-91A91CE43421}.Release|Any CPU.Build.0 = Release|Any CPU
	EndGlobalSection
	GlobalSection(SolutionProperties) = preSolution
		HideSolutionNode = FALSE
	EndGlobalSection
	GlobalSection(ExtensibilityGlobals) = postSolution
		SolutionGuid = {58E9656A-D57B-494E-A8DA-3D88D5C90452}
	EndGlobalSection
EndGlobal
